
Microsoft Visual Studio Solution File, Format Version 12.00
# Visual Studio Version 16
VisualStudioVersion = 16.0.30104.148
MinimumVisualStudioVersion = 10.0.40219.1
Project("{FAE04EC0-301F-11D3-BF4B-00C04F79EFBC}") = "ekspedisi", "ekspedisi\ekspedisi.csproj", "{FD26CCBC-3541-4DE9-9296-A4B9D6D5F09D}"
EndProject
Global
	GlobalSection(SolutionConfigurationPlatforms) = preSolution
		Debug|Any CPU = Debug|Any CPU
		Release|Any CPU = Release|Any CPU
	EndGlobalSection
	GlobalSection(ProjectConfigurationPlatforms) = postSolution
		{FD26CCBC-3541-4DE9-9296-A4B9D6D5F09D}.Debug|Any CPU.ActiveCfg = Debug|Any CPU
		{FD26CCBC-3541-4DE9-9296-A4B9D6D5F09D}.Debug|Any CPU.Build.0 = Debug|Any CPU
		{FD26CCBC-3541-4DE9-9296-A4B9D6D5F09D}.Release|Any CPU.ActiveCfg = Release|Any CPU
		{FD26CCBC-3541-4DE9-9296-A4B9D6D5F09D}.Release|Any CPU.Build.0 = Release|Any CPU
	EndGlobalSection
	GlobalSection(SolutionProperties) = preSolution
		HideSolutionNode = FALSE
	EndGlobalSection
	GlobalSection(ExtensibilityGlobals) = postSolution
		SolutionGuid = {8156C9B7-22FE-4531-9624-5569404B691A}
	EndGlobalSection
EndGlobal
